
Microsoft Visual Studio Solution File, Format Version 12.00
# Visual Studio 2013
VisualStudioVersion = 12.0.30501.0
MinimumVisualStudioVersion = 10.0.40219.1
Project("{FAE04EC0-301F-11D3-BF4B-00C04F79EFBC}") = "ChiaTaiSan_ThamLam", "ChiaTaiSan_ThamLam\ChiaTaiSan_ThamLam.csproj", "{7AF8B3E5-82BD-427E-A2F1-2C2B08CB46BD}"
EndProject
Global
	GlobalSection(SolutionConfigurationPlatforms) = preSolution
		Debug|Any CPU = Debug|Any CPU
		Release|Any CPU = Release|Any CPU
	EndGlobalSection
	GlobalSection(ProjectConfigurationPlatforms) = postSolution
		{7AF8B3E5-82BD-427E-A2F1-2C2B08CB46BD}.Debug|Any CPU.ActiveCfg = Debug|Any CPU
		{7AF8B3E5-82BD-427E-A2F1-2C2B08CB46BD}.Debug|Any CPU.Build.0 = Debug|Any CPU
		{7AF8B3E5-82BD-427E-A2F1-2C2B08CB46BD}.Release|Any CPU.ActiveCfg = Release|Any CPU
		{7AF8B3E5-82BD-427E-A2F1-2C2B08CB46BD}.Release|Any CPU.Build.0 = Release|Any CPU
	EndGlobalSection
	GlobalSection(SolutionProperties) = preSolution
		HideSolutionNode = FALSE
	EndGlobalSection
EndGlobal
